
Microsoft Visual Studio Solution File, Format Version 12.00
# Visual Studio 2012
Project("{FAE04EC0-301F-11D3-BF4B-00C04F79EFBC}") = "KIARA", "KIARA\KIARA.csproj", "{B43693EF-8534-4491-93B9-D9E4702DC0F3}"
EndProject
Project("{FAE04EC0-301F-11D3-BF4B-00C04F79EFBC}") = "KIARAUnitTests", "KIARAUnitTests\KIARAUnitTests.csproj", "{D0A996D3-E307-4C53-97C6-6F532C43E750}"
EndProject
Project("{FAE04EC0-301F-11D3-BF4B-00C04F79EFBC}") = "FunctionalityTestProtocol", "FunctionalityTestProtocol\FunctionalityTestProtocol.csproj", "{DE756EF2-3D21-4303-8146-582EBFAE5115}"
EndProject
Project("{FAE04EC0-301F-11D3-BF4B-00C04F79EFBC}") = "WebSocketJSON", "WebSocketJSON\WebSocketJSON.csproj", "{7729110A-D86E-4802-A158-9BE992C98F68}"
EndProject
Project("{2150E333-8FDC-42A3-9474-1A3956D46DE8}") = ".nuget", ".nuget", "{9A84E7A5-9839-488D-AC67-EA11A4760F09}"
	ProjectSection(SolutionItems) = preProject
		.nuget\NuGet.Config = .nuget\NuGet.Config
		.nuget\NuGet.exe = .nuget\NuGet.exe
		.nuget\NuGet.targets = .nuget\NuGet.targets
	EndProjectSection
EndProject
Global
	GlobalSection(SolutionConfigurationPlatforms) = preSolution
		Debug|Any CPU = Debug|Any CPU
		Release|Any CPU = Release|Any CPU
	EndGlobalSection
	GlobalSection(ProjectConfigurationPlatforms) = postSolution
		{B43693EF-8534-4491-93B9-D9E4702DC0F3}.Debug|Any CPU.ActiveCfg = Debug|Any CPU
		{B43693EF-8534-4491-93B9-D9E4702DC0F3}.Debug|Any CPU.Build.0 = Debug|Any CPU
		{B43693EF-8534-4491-93B9-D9E4702DC0F3}.Release|Any CPU.ActiveCfg = Release|Any CPU
		{B43693EF-8534-4491-93B9-D9E4702DC0F3}.Release|Any CPU.Build.0 = Release|Any CPU
		{D0A996D3-E307-4C53-97C6-6F532C43E750}.Debug|Any CPU.ActiveCfg = Debug|Any CPU
		{D0A996D3-E307-4C53-97C6-6F532C43E750}.Debug|Any CPU.Build.0 = Debug|Any CPU
		{D0A996D3-E307-4C53-97C6-6F532C43E750}.Release|Any CPU.ActiveCfg = Release|Any CPU
		{D0A996D3-E307-4C53-97C6-6F532C43E750}.Release|Any CPU.Build.0 = Release|Any CPU
		{DE756EF2-3D21-4303-8146-582EBFAE5115}.Debug|Any CPU.ActiveCfg = Debug|Any CPU
		{DE756EF2-3D21-4303-8146-582EBFAE5115}.Debug|Any CPU.Build.0 = Debug|Any CPU
		{DE756EF2-3D21-4303-8146-582EBFAE5115}.Release|Any CPU.ActiveCfg = Release|Any CPU
		{DE756EF2-3D21-4303-8146-582EBFAE5115}.Release|Any CPU.Build.0 = Release|Any CPU
		{7729110A-D86E-4802-A158-9BE992C98F68}.Debug|Any CPU.ActiveCfg = Debug|Any CPU
		{7729110A-D86E-4802-A158-9BE992C98F68}.Debug|Any CPU.Build.0 = Debug|Any CPU
		{7729110A-D86E-4802-A158-9BE992C98F68}.Release|Any CPU.ActiveCfg = Release|Any CPU
		{7729110A-D86E-4802-A158-9BE992C98F68}.Release|Any CPU.Build.0 = Release|Any CPU
	EndGlobalSection
	GlobalSection(SolutionProperties) = preSolution
		HideSolutionNode = FALSE
	EndGlobalSection
EndGlobal
